// !$*UTF8*$!
{
	archiveVersion = 1;
	classes = {
	};
	objectVersion = 45;
	objects = {

/* Begin PBXBuildFile section */
		1D3623260D0F684500981E51 /* UpsideAppDelegate.m in Sources */ = {isa = PBXBuildFile; fileRef = 1D3623250D0F684500981E51 /* UpsideAppDelegate.m */; };
		1D60589B0D05DD56006BFB54 /* main.m in Sources */ = {isa = PBXBuildFile; fileRef = 29B97316FDCFA39411CA2CEA /* main.m */; };
		1D60589F0D05DD5A006BFB54 /* Foundation.framework in Frameworks */ = {isa = PBXBuildFile; fileRef = 1D30AB110D05D00D00671497 /* Foundation.framework */; };
		1DF5F4E00D08C38300B7A737 /* UIKit.framework in Frameworks */ = {isa = PBXBuildFile; fileRef = 1DF5F4DF0D08C38300B7A737 /* UIKit.framework */; };
		288765A50DF7441C002DB57D /* CoreGraphics.framework in Frameworks */ = {isa = PBXBuildFile; fileRef = 288765A40DF7441C002DB57D /* CoreGraphics.framework */; };
		2899E5220DE3E06400AC0155 /* ActivationViewController.xib in Resources */ = {isa = PBXBuildFile; fileRef = 2899E5210DE3E06400AC0155 /* ActivationViewController.xib */; };
		28AD733F0D9D9553002E5188 /* MainWindow.xib in Resources */ = {isa = PBXBuildFile; fileRef = 28AD733E0D9D9553002E5188 /* MainWindow.xib */; };
		28D7ACF80DDB3853001CB0EB /* ActivationViewController.m in Sources */ = {isa = PBXBuildFile; fileRef = 28D7ACF70DDB3853001CB0EB /* ActivationViewController.m */; };
		570C70870F11203300DC666C /* Stock+Formatting.m in Sources */ = {isa = PBXBuildFile; fileRef = 577093610F1084D400069411 /* Stock+Formatting.m */; };
		570C70B30F11217E00DC666C /* Stock.m in Sources */ = {isa = PBXBuildFile; fileRef = 570C70B20F11217E00DC666C /* Stock.m */; };
		570C70B40F1121B100DC666C /* Stock.m in Sources */ = {isa = PBXBuildFile; fileRef = 570C70B20F11217E00DC666C /* Stock.m */; };
		570D82DD0F1196F800D54544 /* TradeOrder.m in Sources */ = {isa = PBXBuildFile; fileRef = 570D82DC0F1196F800D54544 /* TradeOrder.m */; };
		570D82DF0F119D7C00D54544 /* OrdersTableViewController.xib in Resources */ = {isa = PBXBuildFile; fileRef = 570D82DE0F119D7C00D54544 /* OrdersTableViewController.xib */; };
		570D82E20F11A45A00D54544 /* OrdersTableViewController.m in Sources */ = {isa = PBXBuildFile; fileRef = 570D82E10F11A45A00D54544 /* OrdersTableViewController.m */; };
		570D82EF0F11A5F000D54544 /* AutoRotatingTableViewController.m in Sources */ = {isa = PBXBuildFile; fileRef = 570D82EE0F11A5F000D54544 /* AutoRotatingTableViewController.m */; };
		570D83300F11B0DD00D54544 /* OrderTableCellNarrow.xib in Resources */ = {isa = PBXBuildFile; fileRef = 570D832F0F11B0DD00D54544 /* OrderTableCellNarrow.xib */; };
		570D83320F11B0E700D54544 /* OrderTableCellWide.xib in Resources */ = {isa = PBXBuildFile; fileRef = 570D83310F11B0E700D54544 /* OrderTableCellWide.xib */; };
		570D83350F11B10A00D54544 /* OrderTableViewCell.m in Sources */ = {isa = PBXBuildFile; fileRef = 570D83340F11B10A00D54544 /* OrderTableViewCell.m */; };
		570D83DD0F130BC000D54544 /* DictionaryBackedModel.m in Sources */ = {isa = PBXBuildFile; fileRef = 570D83DC0F130BC000D54544 /* DictionaryBackedModel.m */; };
		570D84180F130CDA00D54544 /* DictionaryBackedModel.m in Sources */ = {isa = PBXBuildFile; fileRef = 570D83DC0F130BC000D54544 /* DictionaryBackedModel.m */; };
		570D84300F130FA300D54544 /* TradeOrder+Formatting.m in Sources */ = {isa = PBXBuildFile; fileRef = 570D842F0F130FA300D54544 /* TradeOrder+Formatting.m */; };
		570D843D0F131BAA00D54544 /* TradeOrder.m in Sources */ = {isa = PBXBuildFile; fileRef = 570D82DC0F1196F800D54544 /* TradeOrder.m */; };
		570D843E0F131BB900D54544 /* TradeOrder+Formatting.m in Sources */ = {isa = PBXBuildFile; fileRef = 570D842F0F130FA300D54544 /* TradeOrder+Formatting.m */; };
		570D84EA0F1338EA00D54544 /* TradeBook.m in Sources */ = {isa = PBXBuildFile; fileRef = 570D84E90F1338EA00D54544 /* TradeBook.m */; };
		570D84F00F133A7800D54544 /* Game.m in Sources */ = {isa = PBXBuildFile; fileRef = 570D84EF0F133A7800D54544 /* Game.m */; };
		570D84F50F133E9C00D54544 /* Default.png in Resources */ = {isa = PBXBuildFile; fileRef = 570D84F40F133E9C00D54544 /* Default.png */; };
		570D86D50F144BD900D54544 /* StockCache.m in Sources */ = {isa = PBXBuildFile; fileRef = 570D86D40F144BD900D54544 /* StockCache.m */; };
		570D86D60F144BD900D54544 /* StockCache.m in Sources */ = {isa = PBXBuildFile; fileRef = 570D86D40F144BD900D54544 /* StockCache.m */; };
		570D87190F14549100D54544 /* Portfolio+Formatting.m in Sources */ = {isa = PBXBuildFile; fileRef = 570D87180F14549100D54544 /* Portfolio+Formatting.m */; };
		570D871A0F14549100D54544 /* Portfolio+Formatting.m in Sources */ = {isa = PBXBuildFile; fileRef = 570D87180F14549100D54544 /* Portfolio+Formatting.m */; };
		570D87BF0F14BCA600D54544 /* PortfolioTest.m in Sources */ = {isa = PBXBuildFile; fileRef = 570D87980F14B99500D54544 /* PortfolioTest.m */; };
		570D87D50F14BD8B00D54544 /* Portfolio.m in Sources */ = {isa = PBXBuildFile; fileRef = 57CDB1AA0F0F5ECE002C60C5 /* Portfolio.m */; };
		570D87DA0F14BDA300D54544 /* TradeOrder+FormattingTest.m in Sources */ = {isa = PBXBuildFile; fileRef = 570D84320F1312B200D54544 /* TradeOrder+FormattingTest.m */; };
		570D87DB0F14BDA300D54544 /* Stock+FormattingTest.m in Sources */ = {isa = PBXBuildFile; fileRef = 577093E40F11049E00069411 /* Stock+FormattingTest.m */; };
		570D87DC0F14BDA300D54544 /* Portfolio+FormattingTest.m in Sources */ = {isa = PBXBuildFile; fileRef = 570D87470F145BBA00D54544 /* Portfolio+FormattingTest.m */; };
		570D88BF0F16C73D00D54544 /* NewsTableViewController.m in Sources */ = {isa = PBXBuildFile; fileRef = 570D88BE0F16C73D00D54544 /* NewsTableViewController.m */; };
		570D88C90F16C8E800D54544 /* NewsTableViewController.xib in Resources */ = {isa = PBXBuildFile; fileRef = 570D88C80F16C8E800D54544 /* NewsTableViewController.xib */; };
		575E391A0F0F998C00DEB8E3 /* PortfolioTableViewController.xib in Resources */ = {isa = PBXBuildFile; fileRef = 57CDB1A30F0F5A52002C60C5 /* PortfolioTableViewController.xib */; };
		575E391B0F0F999500DEB8E3 /* DashboardTabIcon.png in Resources */ = {isa = PBXBuildFile; fileRef = 57CDB1AE0F0F6347002C60C5 /* DashboardTabIcon.png */; };
		575E39640F0FA00700DEB8E3 /* GreenUpArrow.png in Resources */ = {isa = PBXBuildFile; fileRef = 575E39620F0FA00700DEB8E3 /* GreenUpArrow.png */; };
		575E39650F0FA00700DEB8E3 /* RedDownArrow.png in Resources */ = {isa = PBXBuildFile; fileRef = 575E39630F0FA00700DEB8E3 /* RedDownArrow.png */; };
		577091AE0F0FA8B000069411 /* StockTableViewCell.m in Sources */ = {isa = PBXBuildFile; fileRef = 577091AD0F0FA8B000069411 /* StockTableViewCell.m */; };
		577091E30F10502F00069411 /* StockTableCellNarrow.xib in Resources */ = {isa = PBXBuildFile; fileRef = 577091E20F10502F00069411 /* StockTableCellNarrow.xib */; };
		577091E50F10503900069411 /* StockTableCellWide.xib in Resources */ = {isa = PBXBuildFile; fileRef = 577091E40F10503900069411 /* StockTableCellWide.xib */; };
		577093620F1084D400069411 /* Stock+Formatting.m in Sources */ = {isa = PBXBuildFile; fileRef = 577093610F1084D400069411 /* Stock+Formatting.m */; };
		57CB188E0F0F01C600E95AE1 /* ActivationState.m in Sources */ = {isa = PBXBuildFile; fileRef = 57CB188D0F0F01C600E95AE1 /* ActivationState.m */; };
		57CB1A0A0F0F1AF700E95AE1 /* UIKit.framework in Frameworks */ = {isa = PBXBuildFile; fileRef = 1DF5F4DF0D08C38300B7A737 /* UIKit.framework */; };
		57CB1A0B0F0F1AF700E95AE1 /* Foundation.framework in Frameworks */ = {isa = PBXBuildFile; fileRef = 1D30AB110D05D00D00671497 /* Foundation.framework */; };
		57CB1A0C0F0F1AF700E95AE1 /* CoreGraphics.framework in Frameworks */ = {isa = PBXBuildFile; fileRef = 288765A40DF7441C002DB57D /* CoreGraphics.framework */; };
		57CB1A0D0F0F1B0C00E95AE1 /* GTMSystemVersion.m in Sources */ = {isa = PBXBuildFile; fileRef = 57CB19CA0F0F175600E95AE1 /* GTMSystemVersion.m */; };
		57CB1A0E0F0F1B0C00E95AE1 /* GTMCALayer+UnitTesting.m in Sources */ = {isa = PBXBuildFile; fileRef = 57CB18CC0F0F128A00E95AE1 /* GTMCALayer+UnitTesting.m */; };
		57CB1A0F0F0F1B0C00E95AE1 /* GTMIPhoneUnitTestDelegate.m in Sources */ = {isa = PBXBuildFile; fileRef = 57CB18CE0F0F128A00E95AE1 /* GTMIPhoneUnitTestDelegate.m */; };
		57CB1A100F0F1B0C00E95AE1 /* GTMIPhoneUnitTestMain.m in Sources */ = {isa = PBXBuildFile; fileRef = 57CB18CF0F0F128A00E95AE1 /* GTMIPhoneUnitTestMain.m */; };
		57CB1A110F0F1B0C00E95AE1 /* GTMNSObject+UnitTesting.m in Sources */ = {isa = PBXBuildFile; fileRef = 57CB18D10F0F128A00E95AE1 /* GTMNSObject+UnitTesting.m */; };
		57CB1A120F0F1B0C00E95AE1 /* GTMSenTestCase.m in Sources */ = {isa = PBXBuildFile; fileRef = 57CB18D30F0F128A00E95AE1 /* GTMSenTestCase.m */; };
		57CB1A130F0F1B0C00E95AE1 /* GTMUIKit+UnitTesting.m in Sources */ = {isa = PBXBuildFile; fileRef = 57CB18D50F0F128A00E95AE1 /* GTMUIKit+UnitTesting.m */; };
		57CB1A140F0F1B2D00E95AE1 /* ActivationStateTest.m in Sources */ = {isa = PBXBuildFile; fileRef = 57CB19A50F0F14DF00E95AE1 /* ActivationStateTest.m */; };
		57CB1A5F0F0F270E00E95AE1 /* ActivationState.m in Sources */ = {isa = PBXBuildFile; fileRef = 57CB188D0F0F01C600E95AE1 /* ActivationState.m */; };
		57CDB1790F0F4939002C60C5 /* PortfolioTabIcon.png in Resources */ = {isa = PBXBuildFile; fileRef = 57CDB1770F0F491A002C60C5 /* PortfolioTabIcon.png */; };
		57CDB17A0F0F4941002C60C5 /* TabBar.xib in Resources */ = {isa = PBXBuildFile; fileRef = 57CDB1680F0F4543002C60C5 /* TabBar.xib */; };
		57CDB1840F0F4BE7002C60C5 /* TransactionsTabIcon.png in Resources */ = {isa = PBXBuildFile; fileRef = 57CDB1810F0F4BD2002C60C5 /* TransactionsTabIcon.png */; };
		57CDB1AC0F0F6321002C60C5 /* GoalsTabIcon.png in Resources */ = {isa = PBXBuildFile; fileRef = 57CDB18D0F0F5065002C60C5 /* GoalsTabIcon.png */; };
		57CDB1AD0F0F6321002C60C5 /* SyncTabIcon.png in Resources */ = {isa = PBXBuildFile; fileRef = 57CDB18F0F0F5219002C60C5 /* SyncTabIcon.png */; };
		57CDB1B10F0F68D9002C60C5 /* NewsTabIcon.png in Resources */ = {isa = PBXBuildFile; fileRef = 57CDB1B00F0F68D9002C60C5 /* NewsTabIcon.png */; };
		57CDB1B70F0F7608002C60C5 /* PortfolioTableViewController.m in Sources */ = {isa = PBXBuildFile; fileRef = 57CDB1A10F0F5A1D002C60C5 /* PortfolioTableViewController.m */; };
		57CDB1B90F0F7608002C60C5 /* Portfolio.m in Sources */ = {isa = PBXBuildFile; fileRef = 57CDB1AA0F0F5ECE002C60C5 /* Portfolio.m */; };
		57CDB21D0F0F7DD2002C60C5 /* OverviewViewController.m in Sources */ = {isa = PBXBuildFile; fileRef = 57CDB21C0F0F7DD2002C60C5 /* OverviewViewController.m */; };
		57CDB2210F0F7DEB002C60C5 /* OverviewViewController.xib in Resources */ = {isa = PBXBuildFile; fileRef = 57CDB2200F0F7DEB002C60C5 /* OverviewViewController.xib */; };
		57CDB2860F0F8554002C60C5 /* TabBarController.m in Sources */ = {isa = PBXBuildFile; fileRef = 57CDB2850F0F8554002C60C5 /* TabBarController.m */; };
		57CDB2D60F0F8CA4002C60C5 /* Icon.png in Resources */ = {isa = PBXBuildFile; fileRef = 57CDB2D40F0F8CA4002C60C5 /* Icon.png */; };
/* End PBXBuildFile section */

/* Begin PBXFileReference section */
		1D30AB110D05D00D00671497 /* Foundation.framework */ = {isa = PBXFileReference; lastKnownFileType = wrapper.framework; name = Foundation.framework; path = System/Library/Frameworks/Foundation.framework; sourceTree = SDKROOT; };
		1D3623240D0F684500981E51 /* UpsideAppDelegate.h */ = {isa = PBXFileReference; fileEncoding = 4; lastKnownFileType = sourcecode.c.h; path = UpsideAppDelegate.h; sourceTree = "<group>"; };
		1D3623250D0F684500981E51 /* UpsideAppDelegate.m */ = {isa = PBXFileReference; fileEncoding = 4; lastKnownFileType = sourcecode.c.objc; path = UpsideAppDelegate.m; sourceTree = "<group>"; };
		1D6058910D05DD3D006BFB54 /* Stock Play.app */ = {isa = PBXFileReference; explicitFileType = wrapper.application; includeInIndex = 0; path = "Stock Play.app"; sourceTree = BUILT_PRODUCTS_DIR; };
		1DF5F4DF0D08C38300B7A737 /* UIKit.framework */ = {isa = PBXFileReference; lastKnownFileType = wrapper.framework; name = UIKit.framework; path = System/Library/Frameworks/UIKit.framework; sourceTree = SDKROOT; };
		288765A40DF7441C002DB57D /* CoreGraphics.framework */ = {isa = PBXFileReference; lastKnownFileType = wrapper.framework; name = CoreGraphics.framework; path = System/Library/Frameworks/CoreGraphics.framework; sourceTree = SDKROOT; };
		2899E5210DE3E06400AC0155 /* ActivationViewController.xib */ = {isa = PBXFileReference; lastKnownFileType = file.xib; path = ActivationViewController.xib; sourceTree = "<group>"; };
		28AD733E0D9D9553002E5188 /* MainWindow.xib */ = {isa = PBXFileReference; lastKnownFileType = file.xib; path = MainWindow.xib; sourceTree = "<group>"; };
		28D7ACF60DDB3853001CB0EB /* ActivationViewController.h */ = {isa = PBXFileReference; fileEncoding = 4; lastKnownFileType = sourcecode.c.h; path = ActivationViewController.h; sourceTree = "<group>"; };
		28D7ACF70DDB3853001CB0EB /* ActivationViewController.m */ = {isa = PBXFileReference; fileEncoding = 4; lastKnownFileType = sourcecode.c.objc; path = ActivationViewController.m; sourceTree = "<group>"; };
		29B97316FDCFA39411CA2CEA /* main.m */ = {isa = PBXFileReference; fileEncoding = 4; lastKnownFileType = sourcecode.c.objc; path = main.m; sourceTree = "<group>"; };
		32CA4F630368D1EE00C91783 /* upside_Prefix.pch */ = {isa = PBXFileReference; fileEncoding = 4; lastKnownFileType = sourcecode.c.h; path = upside_Prefix.pch; sourceTree = "<group>"; };
		570C70B20F11217E00DC666C /* Stock.m */ = {isa = PBXFileReference; fileEncoding = 4; lastKnownFileType = sourcecode.c.objc; path = Stock.m; sourceTree = "<group>"; };
		570D82DB0F1196F800D54544 /* TradeOrder.h */ = {isa = PBXFileReference; fileEncoding = 4; lastKnownFileType = sourcecode.c.h; path = TradeOrder.h; sourceTree = "<group>"; };
		570D82DC0F1196F800D54544 /* TradeOrder.m */ = {isa = PBXFileReference; fileEncoding = 4; lastKnownFileType = sourcecode.c.objc; path = TradeOrder.m; sourceTree = "<group>"; };
		570D82DE0F119D7C00D54544 /* OrdersTableViewController.xib */ = {isa = PBXFileReference; lastKnownFileType = file.xib; path = OrdersTableViewController.xib; sourceTree = "<group>"; };
		570D82E00F11A45A00D54544 /* OrdersTableViewController.h */ = {isa = PBXFileReference; fileEncoding = 4; lastKnownFileType = sourcecode.c.h; path = OrdersTableViewController.h; sourceTree = "<group>"; };
		570D82E10F11A45A00D54544 /* OrdersTableViewController.m */ = {isa = PBXFileReference; fileEncoding = 4; lastKnownFileType = sourcecode.c.objc; path = OrdersTableViewController.m; sourceTree = "<group>"; };
		570D82ED0F11A5F000D54544 /* AutoRotatingTableViewController.h */ = {isa = PBXFileReference; fileEncoding = 4; lastKnownFileType = sourcecode.c.h; path = AutoRotatingTableViewController.h; sourceTree = "<group>"; };
		570D82EE0F11A5F000D54544 /* AutoRotatingTableViewController.m */ = {isa = PBXFileReference; fileEncoding = 4; lastKnownFileType = sourcecode.c.objc; path = AutoRotatingTableViewController.m; sourceTree = "<group>"; };
		570D832F0F11B0DD00D54544 /* OrderTableCellNarrow.xib */ = {isa = PBXFileReference; lastKnownFileType = file.xib; path = OrderTableCellNarrow.xib; sourceTree = "<group>"; };
		570D83310F11B0E700D54544 /* OrderTableCellWide.xib */ = {isa = PBXFileReference; lastKnownFileType = file.xib; path = OrderTableCellWide.xib; sourceTree = "<group>"; };
		570D83330F11B10A00D54544 /* OrderTableViewCell.h */ = {isa = PBXFileReference; fileEncoding = 4; lastKnownFileType = sourcecode.c.h; path = OrderTableViewCell.h; sourceTree = "<group>"; };
		570D83340F11B10A00D54544 /* OrderTableViewCell.m */ = {isa = PBXFileReference; fileEncoding = 4; lastKnownFileType = sourcecode.c.objc; path = OrderTableViewCell.m; sourceTree = "<group>"; };
		570D83DB0F130BC000D54544 /* DictionaryBackedModel.h */ = {isa = PBXFileReference; fileEncoding = 4; lastKnownFileType = sourcecode.c.h; path = DictionaryBackedModel.h; sourceTree = "<group>"; };
		570D83DC0F130BC000D54544 /* DictionaryBackedModel.m */ = {isa = PBXFileReference; fileEncoding = 4; lastKnownFileType = sourcecode.c.objc; path = DictionaryBackedModel.m; sourceTree = "<group>"; };
		570D842E0F130FA300D54544 /* TradeOrder+Formatting.h */ = {isa = PBXFileReference; fileEncoding = 4; lastKnownFileType = sourcecode.c.h; path = "TradeOrder+Formatting.h"; sourceTree = "<group>"; };
		570D842F0F130FA300D54544 /* TradeOrder+Formatting.m */ = {isa = PBXFileReference; fileEncoding = 4; lastKnownFileType = sourcecode.c.objc; path = "TradeOrder+Formatting.m"; sourceTree = "<group>"; };
		570D84320F1312B200D54544 /* TradeOrder+FormattingTest.m */ = {isa = PBXFileReference; fileEncoding = 4; lastKnownFileType = sourcecode.c.objc; path = "TradeOrder+FormattingTest.m"; sourceTree = "<group>"; };
		570D84E80F1338EA00D54544 /* TradeBook.h */ = {isa = PBXFileReference; fileEncoding = 4; lastKnownFileType = sourcecode.c.h; path = TradeBook.h; sourceTree = "<group>"; };
		570D84E90F1338EA00D54544 /* TradeBook.m */ = {isa = PBXFileReference; fileEncoding = 4; lastKnownFileType = sourcecode.c.objc; path = TradeBook.m; sourceTree = "<group>"; };
		570D84EE0F133A7800D54544 /* Game.h */ = {isa = PBXFileReference; fileEncoding = 4; lastKnownFileType = sourcecode.c.h; path = Game.h; sourceTree = "<group>"; };
		570D84EF0F133A7800D54544 /* Game.m */ = {isa = PBXFileReference; fileEncoding = 4; lastKnownFileType = sourcecode.c.objc; path = Game.m; sourceTree = "<group>"; };
		570D84F40F133E9C00D54544 /* Default.png */ = {isa = PBXFileReference; lastKnownFileType = image.png; path = Default.png; sourceTree = "<group>"; };
		570D86D30F144BD900D54544 /* StockCache.h */ = {isa = PBXFileReference; fileEncoding = 4; lastKnownFileType = sourcecode.c.h; path = StockCache.h; sourceTree = "<group>"; };
		570D86D40F144BD900D54544 /* StockCache.m */ = {isa = PBXFileReference; fileEncoding = 4; lastKnownFileType = sourcecode.c.objc; path = StockCache.m; sourceTree = "<group>"; };
		570D87170F14549100D54544 /* Portfolio+Formatting.h */ = {isa = PBXFileReference; fileEncoding = 4; lastKnownFileType = sourcecode.c.h; path = "Portfolio+Formatting.h"; sourceTree = "<group>"; };
		570D87180F14549100D54544 /* Portfolio+Formatting.m */ = {isa = PBXFileReference; fileEncoding = 4; lastKnownFileType = sourcecode.c.objc; path = "Portfolio+Formatting.m"; sourceTree = "<group>"; };
		570D87470F145BBA00D54544 /* Portfolio+FormattingTest.m */ = {isa = PBXFileReference; fileEncoding = 4; lastKnownFileType = sourcecode.c.objc; path = "Portfolio+FormattingTest.m"; sourceTree = "<group>"; };
		570D87980F14B99500D54544 /* PortfolioTest.m */ = {isa = PBXFileReference; fileEncoding = 4; lastKnownFileType = sourcecode.c.objc; path = PortfolioTest.m; sourceTree = "<group>"; };
		570D88BD0F16C73D00D54544 /* NewsTableViewController.h */ = {isa = PBXFileReference; fileEncoding = 4; lastKnownFileType = sourcecode.c.h; path = NewsTableViewController.h; sourceTree = "<group>"; };
		570D88BE0F16C73D00D54544 /* NewsTableViewController.m */ = {isa = PBXFileReference; fileEncoding = 4; lastKnownFileType = sourcecode.c.objc; path = NewsTableViewController.m; sourceTree = "<group>"; };
		570D88C80F16C8E800D54544 /* NewsTableViewController.xib */ = {isa = PBXFileReference; lastKnownFileType = file.xib; path = NewsTableViewController.xib; sourceTree = "<group>"; };
		575E39620F0FA00700DEB8E3 /* GreenUpArrow.png */ = {isa = PBXFileReference; lastKnownFileType = image.png; path = GreenUpArrow.png; sourceTree = "<group>"; };
		575E39630F0FA00700DEB8E3 /* RedDownArrow.png */ = {isa = PBXFileReference; lastKnownFileType = image.png; path = RedDownArrow.png; sourceTree = "<group>"; };
		577091AC0F0FA8B000069411 /* StockTableViewCell.h */ = {isa = PBXFileReference; fileEncoding = 4; lastKnownFileType = sourcecode.c.h; path = StockTableViewCell.h; sourceTree = "<group>"; };
		577091AD0F0FA8B000069411 /* StockTableViewCell.m */ = {isa = PBXFileReference; fileEncoding = 4; lastKnownFileType = sourcecode.c.objc; path = StockTableViewCell.m; sourceTree = "<group>"; };
		577091E20F10502F00069411 /* StockTableCellNarrow.xib */ = {isa = PBXFileReference; lastKnownFileType = file.xib; path = StockTableCellNarrow.xib; sourceTree = "<group>"; };
		577091E40F10503900069411 /* StockTableCellWide.xib */ = {isa = PBXFileReference; lastKnownFileType = file.xib; path = StockTableCellWide.xib; sourceTree = "<group>"; };
		577093600F1084D400069411 /* Stock+Formatting.h */ = {isa = PBXFileReference; fileEncoding = 4; lastKnownFileType = sourcecode.c.h; path = "Stock+Formatting.h"; sourceTree = "<group>"; };
		577093610F1084D400069411 /* Stock+Formatting.m */ = {isa = PBXFileReference; fileEncoding = 4; lastKnownFileType = sourcecode.c.objc; path = "Stock+Formatting.m"; sourceTree = "<group>"; };
		577093E10F11032200069411 /* Stock.h */ = {isa = PBXFileReference; fileEncoding = 4; lastKnownFileType = sourcecode.c.h; path = Stock.h; sourceTree = "<group>"; };
		577093E40F11049E00069411 /* Stock+FormattingTest.m */ = {isa = PBXFileReference; fileEncoding = 4; lastKnownFileType = sourcecode.c.objc; path = "Stock+FormattingTest.m"; sourceTree = "<group>"; };
		57CB188C0F0F01C600E95AE1 /* ActivationState.h */ = {isa = PBXFileReference; fileEncoding = 4; lastKnownFileType = sourcecode.c.h; path = ActivationState.h; sourceTree = "<group>"; };
		57CB188D0F0F01C600E95AE1 /* ActivationState.m */ = {isa = PBXFileReference; fileEncoding = 4; lastKnownFileType = sourcecode.c.objc; path = ActivationState.m; sourceTree = "<group>"; };
		57CB18CB0F0F128A00E95AE1 /* GTMCALayer+UnitTesting.h */ = {isa = PBXFileReference; fileEncoding = 4; lastKnownFileType = sourcecode.c.h; path = "GTMCALayer+UnitTesting.h"; sourceTree = "<group>"; };
		57CB18CC0F0F128A00E95AE1 /* GTMCALayer+UnitTesting.m */ = {isa = PBXFileReference; fileEncoding = 4; lastKnownFileType = sourcecode.c.objc; path = "GTMCALayer+UnitTesting.m"; sourceTree = "<group>"; };
		57CB18CD0F0F128A00E95AE1 /* GTMIPhoneUnitTestDelegate.h */ = {isa = PBXFileReference; fileEncoding = 4; lastKnownFileType = sourcecode.c.h; path = GTMIPhoneUnitTestDelegate.h; sourceTree = "<group>"; };
		57CB18CE0F0F128A00E95AE1 /* GTMIPhoneUnitTestDelegate.m */ = {isa = PBXFileReference; fileEncoding = 4; lastKnownFileType = sourcecode.c.objc; path = GTMIPhoneUnitTestDelegate.m; sourceTree = "<group>"; };
		57CB18CF0F0F128A00E95AE1 /* GTMIPhoneUnitTestMain.m */ = {isa = PBXFileReference; fileEncoding = 4; lastKnownFileType = sourcecode.c.objc; path = GTMIPhoneUnitTestMain.m; sourceTree = "<group>"; };
		57CB18D00F0F128A00E95AE1 /* GTMNSObject+UnitTesting.h */ = {isa = PBXFileReference; fileEncoding = 4; lastKnownFileType = sourcecode.c.h; path = "GTMNSObject+UnitTesting.h"; sourceTree = "<group>"; };
		57CB18D10F0F128A00E95AE1 /* GTMNSObject+UnitTesting.m */ = {isa = PBXFileReference; fileEncoding = 4; lastKnownFileType = sourcecode.c.objc; path = "GTMNSObject+UnitTesting.m"; sourceTree = "<group>"; };
		57CB18D20F0F128A00E95AE1 /* GTMSenTestCase.h */ = {isa = PBXFileReference; fileEncoding = 4; lastKnownFileType = sourcecode.c.h; path = GTMSenTestCase.h; sourceTree = "<group>"; };
		57CB18D30F0F128A00E95AE1 /* GTMSenTestCase.m */ = {isa = PBXFileReference; fileEncoding = 4; lastKnownFileType = sourcecode.c.objc; path = GTMSenTestCase.m; sourceTree = "<group>"; };
		57CB18D40F0F128A00E95AE1 /* GTMUIKit+UnitTesting.h */ = {isa = PBXFileReference; fileEncoding = 4; lastKnownFileType = sourcecode.c.h; path = "GTMUIKit+UnitTesting.h"; sourceTree = "<group>"; };
		57CB18D50F0F128A00E95AE1 /* GTMUIKit+UnitTesting.m */ = {isa = PBXFileReference; fileEncoding = 4; lastKnownFileType = sourcecode.c.objc; path = "GTMUIKit+UnitTesting.m"; sourceTree = "<group>"; };
		57CB198D0F0F136600E95AE1 /* RunIPhoneUnitTest.sh */ = {isa = PBXFileReference; fileEncoding = 4; lastKnownFileType = text.script.sh; path = RunIPhoneUnitTest.sh; sourceTree = "<group>"; };
		57CB19A50F0F14DF00E95AE1 /* ActivationStateTest.m */ = {isa = PBXFileReference; fileEncoding = 4; lastKnownFileType = sourcecode.c.objc; path = ActivationStateTest.m; sourceTree = "<group>"; };
		57CB19C90F0F175600E95AE1 /* GTMSystemVersion.h */ = {isa = PBXFileReference; fileEncoding = 4; lastKnownFileType = sourcecode.c.h; path = GTMSystemVersion.h; sourceTree = "<group>"; };
		57CB19CA0F0F175600E95AE1 /* GTMSystemVersion.m */ = {isa = PBXFileReference; fileEncoding = 4; lastKnownFileType = sourcecode.c.objc; path = GTMSystemVersion.m; sourceTree = "<group>"; };
		57CB19E10F0F17F400E95AE1 /* GTMGarbageCollection.h */ = {isa = PBXFileReference; fileEncoding = 4; lastKnownFileType = sourcecode.c.h; path = GTMGarbageCollection.h; sourceTree = "<group>"; };
		57CB1A040F0F1ADE00E95AE1 /* UpsideTests.app */ = {isa = PBXFileReference; explicitFileType = wrapper.application; includeInIndex = 0; path = UpsideTests.app; sourceTree = BUILT_PRODUCTS_DIR; };
		57CB1A060F0F1ADE00E95AE1 /* UpsideTests-Info.plist */ = {isa = PBXFileReference; lastKnownFileType = text.plist.xml; path = "UpsideTests-Info.plist"; sourceTree = "<group>"; };
		57CDB1680F0F4543002C60C5 /* TabBar.xib */ = {isa = PBXFileReference; lastKnownFileType = file.xib; path = TabBar.xib; sourceTree = "<group>"; };
		57CDB1770F0F491A002C60C5 /* PortfolioTabIcon.png */ = {isa = PBXFileReference; lastKnownFileType = image.png; path = PortfolioTabIcon.png; sourceTree = "<group>"; };
		57CDB1810F0F4BD2002C60C5 /* TransactionsTabIcon.png */ = {isa = PBXFileReference; lastKnownFileType = image.png; path = TransactionsTabIcon.png; sourceTree = "<group>"; };
		57CDB18D0F0F5065002C60C5 /* GoalsTabIcon.png */ = {isa = PBXFileReference; lastKnownFileType = image.png; path = GoalsTabIcon.png; sourceTree = "<group>"; };
		57CDB18F0F0F5219002C60C5 /* SyncTabIcon.png */ = {isa = PBXFileReference; lastKnownFileType = image.png; path = SyncTabIcon.png; sourceTree = "<group>"; };
		57CDB1A00F0F5A1D002C60C5 /* PortfolioTableViewController.h */ = {isa = PBXFileReference; fileEncoding = 4; lastKnownFileType = sourcecode.c.h; path = PortfolioTableViewController.h; sourceTree = "<group>"; };
		57CDB1A10F0F5A1D002C60C5 /* PortfolioTableViewController.m */ = {isa = PBXFileReference; fileEncoding = 4; lastKnownFileType = sourcecode.c.objc; path = PortfolioTableViewController.m; sourceTree = "<group>"; };
		57CDB1A30F0F5A52002C60C5 /* PortfolioTableViewController.xib */ = {isa = PBXFileReference; lastKnownFileType = file.xib; path = PortfolioTableViewController.xib; sourceTree = "<group>"; };
		57CDB1A90F0F5ECE002C60C5 /* Portfolio.h */ = {isa = PBXFileReference; fileEncoding = 4; lastKnownFileType = sourcecode.c.h; path = Portfolio.h; sourceTree = "<group>"; };
		57CDB1AA0F0F5ECE002C60C5 /* Portfolio.m */ = {isa = PBXFileReference; fileEncoding = 4; lastKnownFileType = sourcecode.c.objc; path = Portfolio.m; sourceTree = "<group>"; };
		57CDB1AE0F0F6347002C60C5 /* DashboardTabIcon.png */ = {isa = PBXFileReference; lastKnownFileType = image.png; path = DashboardTabIcon.png; sourceTree = "<group>"; };
		57CDB1B00F0F68D9002C60C5 /* NewsTabIcon.png */ = {isa = PBXFileReference; lastKnownFileType = image.png; path = NewsTabIcon.png; sourceTree = "<group>"; };
		57CDB21B0F0F7DD2002C60C5 /* OverviewViewController.h */ = {isa = PBXFileReference; fileEncoding = 4; lastKnownFileType = sourcecode.c.h; path = OverviewViewController.h; sourceTree = "<group>"; };
		57CDB21C0F0F7DD2002C60C5 /* OverviewViewController.m */ = {isa = PBXFileReference; fileEncoding = 4; lastKnownFileType = sourcecode.c.objc; path = OverviewViewController.m; sourceTree = "<group>"; };
		57CDB2200F0F7DEB002C60C5 /* OverviewViewController.xib */ = {isa = PBXFileReference; lastKnownFileType = file.xib; path = OverviewViewController.xib; sourceTree = "<group>"; };
		57CDB2840F0F8554002C60C5 /* TabBarController.h */ = {isa = PBXFileReference; fileEncoding = 4; lastKnownFileType = sourcecode.c.h; path = TabBarController.h; sourceTree = "<group>"; };
		57CDB2850F0F8554002C60C5 /* TabBarController.m */ = {isa = PBXFileReference; fileEncoding = 4; lastKnownFileType = sourcecode.c.objc; path = TabBarController.m; sourceTree = "<group>"; };
		57CDB2D40F0F8CA4002C60C5 /* Icon.png */ = {isa = PBXFileReference; lastKnownFileType = image.png; path = Icon.png; sourceTree = "<group>"; };
		57CDB2D50F0F8CA4002C60C5 /* iTunesArtwork */ = {isa = PBXFileReference; lastKnownFileType = file; path = iTunesArtwork; sourceTree = "<group>"; };
		8D1107310486CEB800E47090 /* Info.plist */ = {isa = PBXFileReference; fileEncoding = 4; lastKnownFileType = text.plist.xml; path = Info.plist; sourceTree = "<group>"; };
/* End PBXFileReference section */

/* Begin PBXFrameworksBuildPhase section */
		1D60588F0D05DD3D006BFB54 /* Frameworks */ = {
			isa = PBXFrameworksBuildPhase;
			buildActionMask = 2147483647;
			files = (
				1D60589F0D05DD5A006BFB54 /* Foundation.framework in Frameworks */,
				1DF5F4E00D08C38300B7A737 /* UIKit.framework in Frameworks */,
				288765A50DF7441C002DB57D /* CoreGraphics.framework in Frameworks */,
			);
			runOnlyForDeploymentPostprocessing = 0;
		};
		57CB1A020F0F1ADE00E95AE1 /* Frameworks */ = {
			isa = PBXFrameworksBuildPhase;
			buildActionMask = 2147483647;
			files = (
				57CB1A0A0F0F1AF700E95AE1 /* UIKit.framework in Frameworks */,
				57CB1A0B0F0F1AF700E95AE1 /* Foundation.framework in Frameworks */,
				57CB1A0C0F0F1AF700E95AE1 /* CoreGraphics.framework in Frameworks */,
			);
			runOnlyForDeploymentPostprocessing = 0;
		};
/* End PBXFrameworksBuildPhase section */

/* Begin PBXGroup section */
		080E96DDFE201D6D7F000001 /* Classes */ = {
			isa = PBXGroup;
			children = (
				1D3623240D0F684500981E51 /* UpsideAppDelegate.h */,
				1D3623250D0F684500981E51 /* UpsideAppDelegate.m */,
			);
			path = Classes;
			sourceTree = "<group>";
		};
		19C28FACFE9D520D11CA2CBB /* Products */ = {
			isa = PBXGroup;
			children = (
				1D6058910D05DD3D006BFB54 /* Stock Play.app */,
				57CB1A040F0F1ADE00E95AE1 /* UpsideTests.app */,
			);
			name = Products;
			sourceTree = "<group>";
		};
		29B97314FDCFA39411CA2CEA /* CustomTemplate */ = {
			isa = PBXGroup;
			children = (
				570D84C70F1336EE00D54544 /* Models */,
				570D88BC0F16ABDD00D54544 /* News */,
				570D82EC0F11A5BB00D54544 /* Util */,
				5732104C0F117B9E003D97D8 /* Orders */,
				57CDB2180F0F7D44002C60C5 /* Overview */,
				57CDB19E0F0F56CB002C60C5 /* Portfolio */,
				57CB188B0F0F016C00E95AE1 /* Activation */,
				080E96DDFE201D6D7F000001 /* Classes */,
				29B97315FDCFA39411CA2CEA /* Other Sources */,
				57CDB16D0F0F4769002C60C5 /* Images */,
				29B97317FDCFA39411CA2CEA /* Resources */,
				57CB18C90F0F124700E95AE1 /* UnitTesting */,
				29B97323FDCFA39411CA2CEA /* Frameworks */,
				19C28FACFE9D520D11CA2CBB /* Products */,
			);
			name = CustomTemplate;
			sourceTree = "<group>";
		};
		29B97315FDCFA39411CA2CEA /* Other Sources */ = {
			isa = PBXGroup;
			children = (
				32CA4F630368D1EE00C91783 /* upside_Prefix.pch */,
				29B97316FDCFA39411CA2CEA /* main.m */,
			);
			name = "Other Sources";
			sourceTree = "<group>";
		};
		29B97317FDCFA39411CA2CEA /* Resources */ = {
			isa = PBXGroup;
			children = (
				57CB1A060F0F1ADE00E95AE1 /* UpsideTests-Info.plist */,
				28AD733E0D9D9553002E5188 /* MainWindow.xib */,
				8D1107310486CEB800E47090 /* Info.plist */,
			);
			name = Resources;
			sourceTree = "<group>";
		};
		29B97323FDCFA39411CA2CEA /* Frameworks */ = {
			isa = PBXGroup;
			children = (
				1DF5F4DF0D08C38300B7A737 /* UIKit.framework */,
				1D30AB110D05D00D00671497 /* Foundation.framework */,
				288765A40DF7441C002DB57D /* CoreGraphics.framework */,
			);
			name = Frameworks;
			sourceTree = "<group>";
		};
		570D82EC0F11A5BB00D54544 /* Util */ = {
			isa = PBXGroup;
			children = (
				570D82ED0F11A5F000D54544 /* AutoRotatingTableViewController.h */,
				570D82EE0F11A5F000D54544 /* AutoRotatingTableViewController.m */,
				570D83DB0F130BC000D54544 /* DictionaryBackedModel.h */,
				570D83DC0F130BC000D54544 /* DictionaryBackedModel.m */,
			);
			path = Util;
			sourceTree = "<group>";
		};
		570D84C70F1336EE00D54544 /* Models */ = {
			isa = PBXGroup;
			children = (
				570D82DB0F1196F800D54544 /* TradeOrder.h */,
				570D82DC0F1196F800D54544 /* TradeOrder.m */,
				570D842E0F130FA300D54544 /* TradeOrder+Formatting.h */,
				570D842F0F130FA300D54544 /* TradeOrder+Formatting.m */,
				570D84320F1312B200D54544 /* TradeOrder+FormattingTest.m */,
				577093E10F11032200069411 /* Stock.h */,
				570C70B20F11217E00DC666C /* Stock.m */,
				577093600F1084D400069411 /* Stock+Formatting.h */,
				577093610F1084D400069411 /* Stock+Formatting.m */,
				577093E40F11049E00069411 /* Stock+FormattingTest.m */,
				57CDB1A90F0F5ECE002C60C5 /* Portfolio.h */,
				57CDB1AA0F0F5ECE002C60C5 /* Portfolio.m */,
				570D87980F14B99500D54544 /* PortfolioTest.m */,
				570D87170F14549100D54544 /* Portfolio+Formatting.h */,
				570D87180F14549100D54544 /* Portfolio+Formatting.m */,
				570D87470F145BBA00D54544 /* Portfolio+FormattingTest.m */,
				570D84E80F1338EA00D54544 /* TradeBook.h */,
				570D84E90F1338EA00D54544 /* TradeBook.m */,
				570D84EE0F133A7800D54544 /* Game.h */,
				570D84EF0F133A7800D54544 /* Game.m */,
				570D86D30F144BD900D54544 /* StockCache.h */,
				570D86D40F144BD900D54544 /* StockCache.m */,
			);
			path = Models;
			sourceTree = "<group>";
		};
		570D88BC0F16ABDD00D54544 /* News */ = {
			isa = PBXGroup;
			children = (
				570D88BD0F16C73D00D54544 /* NewsTableViewController.h */,
				570D88BE0F16C73D00D54544 /* NewsTableViewController.m */,
				570D88C80F16C8E800D54544 /* NewsTableViewController.xib */,
			);
			path = News;
			sourceTree = "<group>";
		};
		5732104C0F117B9E003D97D8 /* Orders */ = {
			isa = PBXGroup;
			children = (
				570D82DE0F119D7C00D54544 /* OrdersTableViewController.xib */,
				570D82E00F11A45A00D54544 /* OrdersTableViewController.h */,
				570D82E10F11A45A00D54544 /* OrdersTableViewController.m */,
				570D832F0F11B0DD00D54544 /* OrderTableCellNarrow.xib */,
				570D83310F11B0E700D54544 /* OrderTableCellWide.xib */,
				570D83330F11B10A00D54544 /* OrderTableViewCell.h */,
				570D83340F11B10A00D54544 /* OrderTableViewCell.m */,
			);
			path = Orders;
			sourceTree = "<group>";
		};
		57CB188B0F0F016C00E95AE1 /* Activation */ = {
			isa = PBXGroup;
			children = (
				28D7ACF60DDB3853001CB0EB /* ActivationViewController.h */,
				28D7ACF70DDB3853001CB0EB /* ActivationViewController.m */,
				2899E5210DE3E06400AC0155 /* ActivationViewController.xib */,
				57CB188C0F0F01C600E95AE1 /* ActivationState.h */,
				57CB188D0F0F01C600E95AE1 /* ActivationState.m */,
				57CB19A50F0F14DF00E95AE1 /* ActivationStateTest.m */,
			);
			path = Activation;
			sourceTree = "<group>";
		};
		57CB18C90F0F124700E95AE1 /* UnitTesting */ = {
			isa = PBXGroup;
			children = (
				57CB19E10F0F17F400E95AE1 /* GTMGarbageCollection.h */,
				57CB19C90F0F175600E95AE1 /* GTMSystemVersion.h */,
				57CB19CA0F0F175600E95AE1 /* GTMSystemVersion.m */,
				57CB198D0F0F136600E95AE1 /* RunIPhoneUnitTest.sh */,
				57CB18CB0F0F128A00E95AE1 /* GTMCALayer+UnitTesting.h */,
				57CB18CC0F0F128A00E95AE1 /* GTMCALayer+UnitTesting.m */,
				57CB18CD0F0F128A00E95AE1 /* GTMIPhoneUnitTestDelegate.h */,
				57CB18CE0F0F128A00E95AE1 /* GTMIPhoneUnitTestDelegate.m */,
				57CB18CF0F0F128A00E95AE1 /* GTMIPhoneUnitTestMain.m */,
				57CB18D00F0F128A00E95AE1 /* GTMNSObject+UnitTesting.h */,
				57CB18D10F0F128A00E95AE1 /* GTMNSObject+UnitTesting.m */,
				57CB18D20F0F128A00E95AE1 /* GTMSenTestCase.h */,
				57CB18D30F0F128A00E95AE1 /* GTMSenTestCase.m */,
				57CB18D40F0F128A00E95AE1 /* GTMUIKit+UnitTesting.h */,
				57CB18D50F0F128A00E95AE1 /* GTMUIKit+UnitTesting.m */,
			);
			path = UnitTesting;
			sourceTree = "<group>";
		};
		57CDB16D0F0F4769002C60C5 /* Images */ = {
			isa = PBXGroup;
			children = (
				570D84F40F133E9C00D54544 /* Default.png */,
				575E39620F0FA00700DEB8E3 /* GreenUpArrow.png */,
				575E39630F0FA00700DEB8E3 /* RedDownArrow.png */,
				57CDB2D40F0F8CA4002C60C5 /* Icon.png */,
				57CDB2D50F0F8CA4002C60C5 /* iTunesArtwork */,
				57CDB1B00F0F68D9002C60C5 /* NewsTabIcon.png */,
				57CDB1AE0F0F6347002C60C5 /* DashboardTabIcon.png */,
				57CDB18F0F0F5219002C60C5 /* SyncTabIcon.png */,
				57CDB18D0F0F5065002C60C5 /* GoalsTabIcon.png */,
				57CDB1810F0F4BD2002C60C5 /* TransactionsTabIcon.png */,
				57CDB1770F0F491A002C60C5 /* PortfolioTabIcon.png */,
			);
			path = Images;
			sourceTree = "<group>";
		};
		57CDB19E0F0F56CB002C60C5 /* Portfolio */ = {
			isa = PBXGroup;
			children = (
				57CDB1A00F0F5A1D002C60C5 /* PortfolioTableViewController.h */,
				57CDB1A10F0F5A1D002C60C5 /* PortfolioTableViewController.m */,
				57CDB1A30F0F5A52002C60C5 /* PortfolioTableViewController.xib */,
				577091AC0F0FA8B000069411 /* StockTableViewCell.h */,
				577091AD0F0FA8B000069411 /* StockTableViewCell.m */,
				577091E20F10502F00069411 /* StockTableCellNarrow.xib */,
				577091E40F10503900069411 /* StockTableCellWide.xib */,
			);
			path = Portfolio;
			sourceTree = "<group>";
		};
		57CDB2180F0F7D44002C60C5 /* Overview */ = {
			isa = PBXGroup;
			children = (
				57CDB1680F0F4543002C60C5 /* TabBar.xib */,
				57CDB21B0F0F7DD2002C60C5 /* OverviewViewController.h */,
				57CDB21C0F0F7DD2002C60C5 /* OverviewViewController.m */,
				57CDB2200F0F7DEB002C60C5 /* OverviewViewController.xib */,
				57CDB2840F0F8554002C60C5 /* TabBarController.h */,
				57CDB2850F0F8554002C60C5 /* TabBarController.m */,
			);
			path = Overview;
			sourceTree = "<group>";
		};
/* End PBXGroup section */

/* Begin PBXNativeTarget section */
		1D6058900D05DD3D006BFB54 /* Upside */ = {
			isa = PBXNativeTarget;
			buildConfigurationList = 1D6058960D05DD3E006BFB54 /* Build configuration list for PBXNativeTarget "Upside" */;
			buildPhases = (
				1D60588D0D05DD3D006BFB54 /* Resources */,
				1D60588E0D05DD3D006BFB54 /* Sources */,
				1D60588F0D05DD3D006BFB54 /* Frameworks */,
			);
			buildRules = (
			);
			dependencies = (
			);
			name = Upside;
			productName = upside;
			productReference = 1D6058910D05DD3D006BFB54 /* Stock Play.app */;
			productType = "com.apple.product-type.application";
		};
		57CB1A030F0F1ADE00E95AE1 /* UpsideTests */ = {
			isa = PBXNativeTarget;
			buildConfigurationList = 57CB1A090F0F1ADF00E95AE1 /* Build configuration list for PBXNativeTarget "UpsideTests" */;
			buildPhases = (
				57CB1A000F0F1ADE00E95AE1 /* Resources */,
				57CB1A010F0F1ADE00E95AE1 /* Sources */,
				57CB1A020F0F1ADE00E95AE1 /* Frameworks */,
			);
			buildRules = (
			);
			dependencies = (
			);
			name = UpsideTests;
			productName = UpsideTests;
			productReference = 57CB1A040F0F1ADE00E95AE1 /* UpsideTests.app */;
			productType = "com.apple.product-type.application";
		};
/* End PBXNativeTarget section */

/* Begin PBXProject section */
		29B97313FDCFA39411CA2CEA /* Project object */ = {
			isa = PBXProject;
			buildConfigurationList = C01FCF4E08A954540054247B /* Build configuration list for PBXProject "upside" */;
			compatibilityVersion = "Xcode 3.1";
			hasScannedForEncodings = 1;
			mainGroup = 29B97314FDCFA39411CA2CEA /* CustomTemplate */;
			projectDirPath = "";
			projectRoot = "";
			targets = (
				1D6058900D05DD3D006BFB54 /* Upside */,
				57CB1A030F0F1ADE00E95AE1 /* UpsideTests */,
			);
		};
/* End PBXProject section */

/* Begin PBXResourcesBuildPhase section */
		1D60588D0D05DD3D006BFB54 /* Resources */ = {
			isa = PBXResourcesBuildPhase;
			buildActionMask = 2147483647;
			files = (
				575E391B0F0F999500DEB8E3 /* DashboardTabIcon.png in Resources */,
				575E391A0F0F998C00DEB8E3 /* PortfolioTableViewController.xib in Resources */,
				57CDB1AC0F0F6321002C60C5 /* GoalsTabIcon.png in Resources */,
				57CDB1AD0F0F6321002C60C5 /* SyncTabIcon.png in Resources */,
				57CDB1840F0F4BE7002C60C5 /* TransactionsTabIcon.png in Resources */,
				57CDB1790F0F4939002C60C5 /* PortfolioTabIcon.png in Resources */,
				57CDB17A0F0F4941002C60C5 /* TabBar.xib in Resources */,
				28AD733F0D9D9553002E5188 /* MainWindow.xib in Resources */,
				2899E5220DE3E06400AC0155 /* ActivationViewController.xib in Resources */,
				57CDB1B10F0F68D9002C60C5 /* NewsTabIcon.png in Resources */,
				57CDB2210F0F7DEB002C60C5 /* OverviewViewController.xib in Resources */,
				57CDB2D60F0F8CA4002C60C5 /* Icon.png in Resources */,
				575E39640F0FA00700DEB8E3 /* GreenUpArrow.png in Resources */,
				575E39650F0FA00700DEB8E3 /* RedDownArrow.png in Resources */,
				577091E30F10502F00069411 /* StockTableCellNarrow.xib in Resources */,
				577091E50F10503900069411 /* StockTableCellWide.xib in Resources */,
				570D82DF0F119D7C00D54544 /* OrdersTableViewController.xib in Resources */,
				570D83300F11B0DD00D54544 /* OrderTableCellNarrow.xib in Resources */,
				570D83320F11B0E700D54544 /* OrderTableCellWide.xib in Resources */,
				570D84F50F133E9C00D54544 /* Default.png in Resources */,
				570D88C90F16C8E800D54544 /* NewsTableViewController.xib in Resources */,
			);
			runOnlyForDeploymentPostprocessing = 0;
		};
		57CB1A000F0F1ADE00E95AE1 /* Resources */ = {
			isa = PBXResourcesBuildPhase;
			buildActionMask = 2147483647;
			files = (
			);
			runOnlyForDeploymentPostprocessing = 0;
		};
/* End PBXResourcesBuildPhase section */

/* Begin PBXSourcesBuildPhase section */
		1D60588E0D05DD3D006BFB54 /* Sources */ = {
			isa = PBXSourcesBuildPhase;
			buildActionMask = 2147483647;
			files = (
				57CDB1B70F0F7608002C60C5 /* PortfolioTableViewController.m in Sources */,
				57CDB1B90F0F7608002C60C5 /* Portfolio.m in Sources */,
				1D60589B0D05DD56006BFB54 /* main.m in Sources */,
				1D3623260D0F684500981E51 /* UpsideAppDelegate.m in Sources */,
				28D7ACF80DDB3853001CB0EB /* ActivationViewController.m in Sources */,
				57CB188E0F0F01C600E95AE1 /* ActivationState.m in Sources */,
				57CDB21D0F0F7DD2002C60C5 /* OverviewViewController.m in Sources */,
				57CDB2860F0F8554002C60C5 /* TabBarController.m in Sources */,
				570C70B30F11217E00DC666C /* Stock.m in Sources */,
				577091AE0F0FA8B000069411 /* StockTableViewCell.m in Sources */,
				577093620F1084D400069411 /* Stock+Formatting.m in Sources */,
				570D82DD0F1196F800D54544 /* TradeOrder.m in Sources */,
				570D82E20F11A45A00D54544 /* OrdersTableViewController.m in Sources */,
				570D82EF0F11A5F000D54544 /* AutoRotatingTableViewController.m in Sources */,
				570D83350F11B10A00D54544 /* OrderTableViewCell.m in Sources */,
				570D83DD0F130BC000D54544 /* DictionaryBackedModel.m in Sources */,
				570D84300F130FA300D54544 /* TradeOrder+Formatting.m in Sources */,
				570D84EA0F1338EA00D54544 /* TradeBook.m in Sources */,
				570D84F00F133A7800D54544 /* Game.m in Sources */,
				570D86D50F144BD900D54544 /* StockCache.m in Sources */,
				570D87190F14549100D54544 /* Portfolio+Formatting.m in Sources */,
				570D88BF0F16C73D00D54544 /* NewsTableViewController.m in Sources */,
			);
			runOnlyForDeploymentPostprocessing = 0;
		};
		57CB1A010F0F1ADE00E95AE1 /* Sources */ = {
			isa = PBXSourcesBuildPhase;
			buildActionMask = 2147483647;
			files = (
				570D87BF0F14BCA600D54544 /* PortfolioTest.m in Sources */,
				57CB1A5F0F0F270E00E95AE1 /* ActivationState.m in Sources */,
				57CB1A140F0F1B2D00E95AE1 /* ActivationStateTest.m in Sources */,
				570C70B40F1121B100DC666C /* Stock.m in Sources */,
				570C70870F11203300DC666C /* Stock+Formatting.m in Sources */,
				57CB1A0D0F0F1B0C00E95AE1 /* GTMSystemVersion.m in Sources */,
				57CB1A0E0F0F1B0C00E95AE1 /* GTMCALayer+UnitTesting.m in Sources */,
				57CB1A0F0F0F1B0C00E95AE1 /* GTMIPhoneUnitTestDelegate.m in Sources */,
				57CB1A100F0F1B0C00E95AE1 /* GTMIPhoneUnitTestMain.m in Sources */,
				57CB1A110F0F1B0C00E95AE1 /* GTMNSObject+UnitTesting.m in Sources */,
				57CB1A120F0F1B0C00E95AE1 /* GTMSenTestCase.m in Sources */,
				57CB1A130F0F1B0C00E95AE1 /* GTMUIKit+UnitTesting.m in Sources */,
				570D84180F130CDA00D54544 /* DictionaryBackedModel.m in Sources */,
				570D843D0F131BAA00D54544 /* TradeOrder.m in Sources */,
				570D843E0F131BB900D54544 /* TradeOrder+Formatting.m in Sources */,
				570D86D60F144BD900D54544 /* StockCache.m in Sources */,
				570D871A0F14549100D54544 /* Portfolio+Formatting.m in Sources */,
				570D87D50F14BD8B00D54544 /* Portfolio.m in Sources */,
				570D87DA0F14BDA300D54544 /* TradeOrder+FormattingTest.m in Sources */,
				570D87DB0F14BDA300D54544 /* Stock+FormattingTest.m in Sources */,
				570D87DC0F14BDA300D54544 /* Portfolio+FormattingTest.m in Sources */,
			);
			runOnlyForDeploymentPostprocessing = 0;
		};
/* End PBXSourcesBuildPhase section */

/* Begin XCBuildConfiguration section */
		1D6058940D05DD3E006BFB54 /* Debug */ = {
			isa = XCBuildConfiguration;
			buildSettings = {
				ALWAYS_SEARCH_USER_PATHS = NO;
				COPY_PHASE_STRIP = NO;
				GCC_DYNAMIC_NO_PIC = NO;
				GCC_OPTIMIZATION_LEVEL = 0;
				GCC_PRECOMPILE_PREFIX_HEADER = YES;
				GCC_PREFIX_HEADER = upside_Prefix.pch;
				INFOPLIST_FILE = Info.plist;
				PRODUCT_NAME = "Stock Play";
			};
			name = Debug;
		};
		1D6058950D05DD3E006BFB54 /* Release */ = {
			isa = XCBuildConfiguration;
			buildSettings = {
				ALWAYS_SEARCH_USER_PATHS = NO;
				COPY_PHASE_STRIP = YES;
				GCC_PRECOMPILE_PREFIX_HEADER = YES;
				GCC_PREFIX_HEADER = upside_Prefix.pch;
				INFOPLIST_FILE = Info.plist;
				PRODUCT_NAME = "Stock Play";
			};
			name = Release;
		};
		57CB1A070F0F1ADF00E95AE1 /* Debug */ = {
			isa = XCBuildConfiguration;
			buildSettings = {
				ALWAYS_SEARCH_USER_PATHS = NO;
				CODE_SIGN_IDENTITY = "iPhone Developer";
				COPY_PHASE_STRIP = NO;
				GCC_DYNAMIC_NO_PIC = NO;
				GCC_OPTIMIZATION_LEVEL = 0;
				GCC_PRECOMPILE_PREFIX_HEADER = YES;
				GCC_PREFIX_HEADER = "$(SYSTEM_LIBRARY_DIR)/Frameworks/UIKit.framework/Headers/UIKit.h";
				INFOPLIST_FILE = "UpsideTests-Info.plist";
				INSTALL_PATH = "$(HOME)/Applications";
				OTHER_LDFLAGS = (
					"-framework",
					Foundation,
					"-framework",
					UIKit,
				);
				PREBINDING = NO;
				PRODUCT_NAME = UpsideTests;
				SDKROOT = iphoneos2.2;
			};
			name = Debug;
		};
		57CB1A080F0F1ADF00E95AE1 /* Release */ = {
			isa = XCBuildConfiguration;
			buildSettings = {
				ALWAYS_SEARCH_USER_PATHS = NO;
				CODE_SIGN_IDENTITY = "iPhone Developer";
				COPY_PHASE_STRIP = YES;
				DEBUG_INFORMATION_FORMAT = "dwarf-with-dsym";
				GCC_ENABLE_FIX_AND_CONTINUE = NO;
				GCC_PRECOMPILE_PREFIX_HEADER = YES;
				GCC_PREFIX_HEADER = "$(SYSTEM_LIBRARY_DIR)/Frameworks/UIKit.framework/Headers/UIKit.h";
				INFOPLIST_FILE = "UpsideTests-Info.plist";
				INSTALL_PATH = "$(HOME)/Applications";
				OTHER_LDFLAGS = (
					"-framework",
					Foundation,
					"-framework",
					UIKit,
				);
				PREBINDING = NO;
				PRODUCT_NAME = UpsideTests;
				SDKROOT = iphoneos2.2;
				ZERO_LINK = NO;
			};
			name = Release;
		};
		C01FCF4F08A954540054247B /* Debug */ = {
			isa = XCBuildConfiguration;
			buildSettings = {
				ARCHS = "$(ARCHS_STANDARD_32_BIT)";
				"CODE_SIGN_IDENTITY[sdk=iphoneos*]" = "iPhone Developer";
				GCC_C_LANGUAGE_STANDARD = c99;
				GCC_WARN_ABOUT_RETURN_TYPE = YES;
				GCC_WARN_UNUSED_VARIABLE = YES;
				ONLY_ACTIVE_ARCH = YES;
				PREBINDING = NO;
				SDKROOT = iphoneos2.2;
			};
			name = Debug;
		};
		C01FCF5008A954540054247B /* Release */ = {
			isa = XCBuildConfiguration;
			buildSettings = {
				ARCHS = "$(ARCHS_STANDARD_32_BIT)";
				"CODE_SIGN_IDENTITY[sdk=iphoneos*]" = "iPhone Developer";
				GCC_C_LANGUAGE_STANDARD = c99;
				GCC_WARN_ABOUT_RETURN_TYPE = YES;
				GCC_WARN_UNUSED_VARIABLE = YES;
				PREBINDING = NO;
				SDKROOT = iphoneos2.2;
			};
			name = Release;
		};
/* End XCBuildConfiguration section */

/* Begin XCConfigurationList section */
		1D6058960D05DD3E006BFB54 /* Build configuration list for PBXNativeTarget "Upside" */ = {
			isa = XCConfigurationList;
			buildConfigurations = (
				1D6058940D05DD3E006BFB54 /* Debug */,
				1D6058950D05DD3E006BFB54 /* Release */,
			);
			defaultConfigurationIsVisible = 0;
			defaultConfigurationName = Release;
		};
		57CB1A090F0F1ADF00E95AE1 /* Build configuration list for PBXNativeTarget "UpsideTests" */ = {
			isa = XCConfigurationList;
			buildConfigurations = (
				57CB1A070F0F1ADF00E95AE1 /* Debug */,
				57CB1A080F0F1ADF00E95AE1 /* Release */,
			);
			defaultConfigurationIsVisible = 0;
			defaultConfigurationName = Release;
		};
		C01FCF4E08A954540054247B /* Build configuration list for PBXProject "upside" */ = {
			isa = XCConfigurationList;
			buildConfigurations = (
				C01FCF4F08A954540054247B /* Debug */,
				C01FCF5008A954540054247B /* Release */,
			);
			defaultConfigurationIsVisible = 0;
			defaultConfigurationName = Release;
		};
/* End XCConfigurationList section */
	};
	rootObject = 29B97313FDCFA39411CA2CEA /* Project object */;
}
